
Microsoft Visual Studio Solution File, Format Version 12.00
# Visual Studio Version 17
VisualStudioVersion = 17.7.34031.279
MinimumVisualStudioVersion = 10.0.40219.1
Project("{2150E333-8FDC-42A3-9474-1A3956D46DE8}") = "1. Enterprise Business Rules", "1. Enterprise Business Rules", "{FDC60A75-9628-4CF1-A4C1-E588FC4E0C74}"
EndProject
Project("{2150E333-8FDC-42A3-9474-1A3956D46DE8}") = "2. Application Business Rules", "2. Application Business Rules", "{82C0DCE2-BCD0-4A28-AE94-7DCDB3F4CC3B}"
EndProject
Project("{2150E333-8FDC-42A3-9474-1A3956D46DE8}") = "3. Interface Adapters", "3. Interface Adapters", "{8F7FB255-50D3-4F02-812D-BC5B3A576A6E}"
EndProject
Project("{2150E333-8FDC-42A3-9474-1A3956D46DE8}") = "4. Frameworks And Drivers", "4. Frameworks And Drivers", "{D7402A9C-BB4A-4F51-A76A-5AE194DE0BEE}"
EndProject
Project("{9A19103F-16F7-4668-BE54-9A1E7A4F7556}") = "NorthWind.Entities", "NorthWind.Entities\NorthWind.Entities.csproj", "{40353063-33C6-47D4-9A71-D5BCFFF9DA8E}"
EndProject
Project("{9A19103F-16F7-4668-BE54-9A1E7A4F7556}") = "NorthWind.Sales.BusinessObjects", "NorthWind.Sales.BusinessObjects\NorthWind.Sales.BusinessObjects.csproj", "{BCFB9075-F526-4E96-B191-0752AB847910}"
EndProject
Project("{9A19103F-16F7-4668-BE54-9A1E7A4F7556}") = "NorthWind.Sales.UseCases", "NorthWind.Sales.UseCases\NorthWind.Sales.UseCases.csproj", "{2C6A34CB-03A5-412D-BB01-FF2270F5C682}"
EndProject
Project("{2150E333-8FDC-42A3-9474-1A3956D46DE8}") = "Gateways", "Gateways", "{A25AC762-4962-4F44-8CF6-C9496DC2F277}"
EndProject
Project("{2150E333-8FDC-42A3-9474-1A3956D46DE8}") = "Repositories", "Repositories", "{F3A933BE-E96B-4460-88A7-EAF3E8C932D2}"
EndProject
Project("{9A19103F-16F7-4668-BE54-9A1E7A4F7556}") = "NorthWind.EFCore.Repositories", "NorthWind.EFCore.Repositories\NorthWind.EFCore.Repositories.csproj", "{9F114D59-5076-4A90-9487-3BC510840158}"
EndProject
Project("{2150E333-8FDC-42A3-9474-1A3956D46DE8}") = "Presenters", "Presenters", "{EA47BE22-1A39-432C-8236-B50941A9B62E}"
EndProject
Project("{9A19103F-16F7-4668-BE54-9A1E7A4F7556}") = "NorthWind.Sales.Presenters", "NorthWind.Sales.Presenters\NorthWind.Sales.Presenters.csproj", "{0B61D20F-8A4E-4F8E-AC87-37A8432E9444}"
EndProject
Project("{2150E333-8FDC-42A3-9474-1A3956D46DE8}") = "Controllers", "Controllers", "{64249219-EF8F-4421-80A8-9917C16B6A02}"
EndProject
Project("{9A19103F-16F7-4668-BE54-9A1E7A4F7556}") = "NorthWind.Sales.Controllers", "NorthWind.Sales.Controllers\NorthWind.Sales.Controllers.csproj", "{7A3612F4-D3A4-4553-9DB3-8466F9A7C849}"
EndProject
Project("{9A19103F-16F7-4668-BE54-9A1E7A4F7556}") = "NorthWind.Sales.IoC", "NorthWind.Sales.IoC\NorthWind.Sales.IoC.csproj", "{6ADF9A3A-A39E-41E7-B50B-C522C02C4B3E}"
EndProject
Project("{2150E333-8FDC-42A3-9474-1A3956D46DE8}") = "UIs", "UIs", "{BF8401A1-48DB-40AE-9304-E922E4F60EF9}"
EndProject
Project("{FAE04EC0-301F-11D3-BF4B-00C04F79EFBC}") = "NorthWind.Sales.WebApi", "NorthWind.Sales.WebApi\NorthWind.Sales.WebApi.csproj", "{143EBD2E-841B-4445-B912-21CED0ADA097}"
EndProject
Global
	GlobalSection(SolutionConfigurationPlatforms) = preSolution
		Debug|Any CPU = Debug|Any CPU
		Release|Any CPU = Release|Any CPU
	EndGlobalSection
	GlobalSection(ProjectConfigurationPlatforms) = postSolution
		{40353063-33C6-47D4-9A71-D5BCFFF9DA8E}.Debug|Any CPU.ActiveCfg = Debug|Any CPU
		{40353063-33C6-47D4-9A71-D5BCFFF9DA8E}.Debug|Any CPU.Build.0 = Debug|Any CPU
		{40353063-33C6-47D4-9A71-D5BCFFF9DA8E}.Release|Any CPU.ActiveCfg = Release|Any CPU
		{40353063-33C6-47D4-9A71-D5BCFFF9DA8E}.Release|Any CPU.Build.0 = Release|Any CPU
		{BCFB9075-F526-4E96-B191-0752AB847910}.Debug|Any CPU.ActiveCfg = Debug|Any CPU
		{BCFB9075-F526-4E96-B191-0752AB847910}.Debug|Any CPU.Build.0 = Debug|Any CPU
		{BCFB9075-F526-4E96-B191-0752AB847910}.Release|Any CPU.ActiveCfg = Release|Any CPU
		{BCFB9075-F526-4E96-B191-0752AB847910}.Release|Any CPU.Build.0 = Release|Any CPU
		{2C6A34CB-03A5-412D-BB01-FF2270F5C682}.Debug|Any CPU.ActiveCfg = Debug|Any CPU
		{2C6A34CB-03A5-412D-BB01-FF2270F5C682}.Debug|Any CPU.Build.0 = Debug|Any CPU
		{2C6A34CB-03A5-412D-BB01-FF2270F5C682}.Release|Any CPU.ActiveCfg = Release|Any CPU
		{2C6A34CB-03A5-412D-BB01-FF2270F5C682}.Release|Any CPU.Build.0 = Release|Any CPU
		{9F114D59-5076-4A90-9487-3BC510840158}.Debug|Any CPU.ActiveCfg = Debug|Any CPU
		{9F114D59-5076-4A90-9487-3BC510840158}.Debug|Any CPU.Build.0 = Debug|Any CPU
		{9F114D59-5076-4A90-9487-3BC510840158}.Release|Any CPU.ActiveCfg = Release|Any CPU
		{9F114D59-5076-4A90-9487-3BC510840158}.Release|Any CPU.Build.0 = Release|Any CPU
		{0B61D20F-8A4E-4F8E-AC87-37A8432E9444}.Debug|Any CPU.ActiveCfg = Debug|Any CPU
		{0B61D20F-8A4E-4F8E-AC87-37A8432E9444}.Debug|Any CPU.Build.0 = Debug|Any CPU
		{0B61D20F-8A4E-4F8E-AC87-37A8432E9444}.Release|Any CPU.ActiveCfg = Release|Any CPU
		{0B61D20F-8A4E-4F8E-AC87-37A8432E9444}.Release|Any CPU.Build.0 = Release|Any CPU
		{7A3612F4-D3A4-4553-9DB3-8466F9A7C849}.Debug|Any CPU.ActiveCfg = Debug|Any CPU
		{7A3612F4-D3A4-4553-9DB3-8466F9A7C849}.Debug|Any CPU.Build.0 = Debug|Any CPU
		{7A3612F4-D3A4-4553-9DB3-8466F9A7C849}.Release|Any CPU.ActiveCfg = Release|Any CPU
		{7A3612F4-D3A4-4553-9DB3-8466F9A7C849}.Release|Any CPU.Build.0 = Release|Any CPU
		{6ADF9A3A-A39E-41E7-B50B-C522C02C4B3E}.Debug|Any CPU.ActiveCfg = Debug|Any CPU
		{6ADF9A3A-A39E-41E7-B50B-C522C02C4B3E}.Debug|Any CPU.Build.0 = Debug|Any CPU
		{6ADF9A3A-A39E-41E7-B50B-C522C02C4B3E}.Release|Any CPU.ActiveCfg = Release|Any CPU
		{6ADF9A3A-A39E-41E7-B50B-C522C02C4B3E}.Release|Any CPU.Build.0 = Release|Any CPU
		{143EBD2E-841B-4445-B912-21CED0ADA097}.Debug|Any CPU.ActiveCfg = Debug|Any CPU
		{143EBD2E-841B-4445-B912-21CED0ADA097}.Debug|Any CPU.Build.0 = Debug|Any CPU
		{143EBD2E-841B-4445-B912-21CED0ADA097}.Release|Any CPU.ActiveCfg = Release|Any CPU
		{143EBD2E-841B-4445-B912-21CED0ADA097}.Release|Any CPU.Build.0 = Release|Any CPU
	EndGlobalSection
	GlobalSection(SolutionProperties) = preSolution
		HideSolutionNode = FALSE
	EndGlobalSection
	GlobalSection(NestedProjects) = preSolution
		{40353063-33C6-47D4-9A71-D5BCFFF9DA8E} = {FDC60A75-9628-4CF1-A4C1-E588FC4E0C74}
		{BCFB9075-F526-4E96-B191-0752AB847910} = {82C0DCE2-BCD0-4A28-AE94-7DCDB3F4CC3B}
		{2C6A34CB-03A5-412D-BB01-FF2270F5C682} = {82C0DCE2-BCD0-4A28-AE94-7DCDB3F4CC3B}
		{A25AC762-4962-4F44-8CF6-C9496DC2F277} = {8F7FB255-50D3-4F02-812D-BC5B3A576A6E}
		{F3A933BE-E96B-4460-88A7-EAF3E8C932D2} = {A25AC762-4962-4F44-8CF6-C9496DC2F277}
		{9F114D59-5076-4A90-9487-3BC510840158} = {F3A933BE-E96B-4460-88A7-EAF3E8C932D2}
		{EA47BE22-1A39-432C-8236-B50941A9B62E} = {8F7FB255-50D3-4F02-812D-BC5B3A576A6E}
		{0B61D20F-8A4E-4F8E-AC87-37A8432E9444} = {EA47BE22-1A39-432C-8236-B50941A9B62E}
		{64249219-EF8F-4421-80A8-9917C16B6A02} = {8F7FB255-50D3-4F02-812D-BC5B3A576A6E}
		{7A3612F4-D3A4-4553-9DB3-8466F9A7C849} = {64249219-EF8F-4421-80A8-9917C16B6A02}
		{6ADF9A3A-A39E-41E7-B50B-C522C02C4B3E} = {8F7FB255-50D3-4F02-812D-BC5B3A576A6E}
		{BF8401A1-48DB-40AE-9304-E922E4F60EF9} = {D7402A9C-BB4A-4F51-A76A-5AE194DE0BEE}
		{143EBD2E-841B-4445-B912-21CED0ADA097} = {BF8401A1-48DB-40AE-9304-E922E4F60EF9}
	EndGlobalSection
	GlobalSection(ExtensibilityGlobals) = postSolution
		SolutionGuid = {FBAFEB91-E381-42B1-B87F-B5631ECC5032}
	EndGlobalSection
EndGlobal
